
Microsoft Visual Studio Solution File, Format Version 11.00
# Visual Studio 2010
Project("{2150E333-8FDC-42A3-9474-1A3956D46DE8}") = "Service", "Service", "{87E6B15B-BCE7-4C83-93F7-AB1FBC77ABBC}"
EndProject
Project("{2150E333-8FDC-42A3-9474-1A3956D46DE8}") = "Dao", "Dao", "{7507AF71-AF48-4DCA-8306-7E972E0D18E6}"
EndProject
Project("{2150E333-8FDC-42A3-9474-1A3956D46DE8}") = "Domain", "Domain", "{C3869130-5589-42A4-A26F-C8E4C3F210AC}"
EndProject
Project("{2150E333-8FDC-42A3-9474-1A3956D46DE8}") = "Common", "Common", "{FC431C9E-A949-4DC5-904F-7ED456FEC746}"
EndProject
Project("{2150E333-8FDC-42A3-9474-1A3956D46DE8}") = "UI", "UI", "{97F4E52D-79EB-4DBE-8654-1CDC326BB627}"
EndProject
Project("{FAE04EC0-301F-11D3-BF4B-00C04F79EFBC}") = "YLB.Common", "YLB.Common\YLB.Common.csproj", "{AA2DB82D-7B97-4D3A-9BED-FB75E7AB5E0D}"
EndProject
Project("{FAE04EC0-301F-11D3-BF4B-00C04F79EFBC}") = "Test", "Test\Test.csproj", "{DFCA327A-4122-4164-B56A-085DB0D93059}"
EndProject
Project("{FAE04EC0-301F-11D3-BF4B-00C04F79EFBC}") = "YLB.Service", "YLB.Service\YLB.Service.csproj", "{4EB8BF85-59E0-4F62-9878-D3E009C869F8}"
EndProject
Project("{FAE04EC0-301F-11D3-BF4B-00C04F79EFBC}") = "YLB.IService", "YLB.IService\YLB.IService.csproj", "{F805E390-2491-4D65-ABE3-2791A6D86C08}"
EndProject
Project("{FAE04EC0-301F-11D3-BF4B-00C04F79EFBC}") = "YLB.Model", "YLB.Model\YLB.Model.csproj", "{8EA6D5A1-2D0D-466C-B20C-AE83644BD0FD}"
EndProject
Project("{FAE04EC0-301F-11D3-BF4B-00C04F79EFBC}") = "YLB.Dao", "YLB.Dao\YLB.Dao.csproj", "{05831CA4-FEAF-4509-AE54-7689FB60BDF5}"
EndProject
Project("{FAE04EC0-301F-11D3-BF4B-00C04F79EFBC}") = "YLB.IDao", "YLB.IDao\YLB.IDao.csproj", "{7B3252CB-91A3-4A34-9A76-21836562B9DB}"
EndProject
Project("{FAE04EC0-301F-11D3-BF4B-00C04F79EFBC}") = "YLB.UI", "YLB.UI\YLB.UI.csproj", "{8D8B8B54-2A18-4142-866A-00DC109F1CC6}"
EndProject
Global
	GlobalSection(SolutionConfigurationPlatforms) = preSolution
		Debug|Any CPU = Debug|Any CPU
		Release|Any CPU = Release|Any CPU
	EndGlobalSection
	GlobalSection(ProjectConfigurationPlatforms) = postSolution
		{AA2DB82D-7B97-4D3A-9BED-FB75E7AB5E0D}.Debug|Any CPU.ActiveCfg = Debug|Any CPU
		{AA2DB82D-7B97-4D3A-9BED-FB75E7AB5E0D}.Debug|Any CPU.Build.0 = Debug|Any CPU
		{AA2DB82D-7B97-4D3A-9BED-FB75E7AB5E0D}.Release|Any CPU.ActiveCfg = Release|Any CPU
		{AA2DB82D-7B97-4D3A-9BED-FB75E7AB5E0D}.Release|Any CPU.Build.0 = Release|Any CPU
		{DFCA327A-4122-4164-B56A-085DB0D93059}.Debug|Any CPU.ActiveCfg = Debug|Any CPU
		{DFCA327A-4122-4164-B56A-085DB0D93059}.Debug|Any CPU.Build.0 = Debug|Any CPU
		{DFCA327A-4122-4164-B56A-085DB0D93059}.Release|Any CPU.ActiveCfg = Release|Any CPU
		{DFCA327A-4122-4164-B56A-085DB0D93059}.Release|Any CPU.Build.0 = Release|Any CPU
		{4EB8BF85-59E0-4F62-9878-D3E009C869F8}.Debug|Any CPU.ActiveCfg = Debug|Any CPU
		{4EB8BF85-59E0-4F62-9878-D3E009C869F8}.Debug|Any CPU.Build.0 = Debug|Any CPU
		{4EB8BF85-59E0-4F62-9878-D3E009C869F8}.Release|Any CPU.ActiveCfg = Release|Any CPU
		{4EB8BF85-59E0-4F62-9878-D3E009C869F8}.Release|Any CPU.Build.0 = Release|Any CPU
		{F805E390-2491-4D65-ABE3-2791A6D86C08}.Debug|Any CPU.ActiveCfg = Debug|Any CPU
		{F805E390-2491-4D65-ABE3-2791A6D86C08}.Debug|Any CPU.Build.0 = Debug|Any CPU
		{F805E390-2491-4D65-ABE3-2791A6D86C08}.Release|Any CPU.ActiveCfg = Release|Any CPU
		{F805E390-2491-4D65-ABE3-2791A6D86C08}.Release|Any CPU.Build.0 = Release|Any CPU
		{8EA6D5A1-2D0D-466C-B20C-AE83644BD0FD}.Debug|Any CPU.ActiveCfg = Debug|Any CPU
		{8EA6D5A1-2D0D-466C-B20C-AE83644BD0FD}.Debug|Any CPU.Build.0 = Debug|Any CPU
		{8EA6D5A1-2D0D-466C-B20C-AE83644BD0FD}.Release|Any CPU.ActiveCfg = Release|Any CPU
		{8EA6D5A1-2D0D-466C-B20C-AE83644BD0FD}.Release|Any CPU.Build.0 = Release|Any CPU
		{05831CA4-FEAF-4509-AE54-7689FB60BDF5}.Debug|Any CPU.ActiveCfg = Debug|Any CPU
		{05831CA4-FEAF-4509-AE54-7689FB60BDF5}.Debug|Any CPU.Build.0 = Debug|Any CPU
		{05831CA4-FEAF-4509-AE54-7689FB60BDF5}.Release|Any CPU.ActiveCfg = Release|Any CPU
		{05831CA4-FEAF-4509-AE54-7689FB60BDF5}.Release|Any CPU.Build.0 = Release|Any CPU
		{7B3252CB-91A3-4A34-9A76-21836562B9DB}.Debug|Any CPU.ActiveCfg = Debug|Any CPU
		{7B3252CB-91A3-4A34-9A76-21836562B9DB}.Debug|Any CPU.Build.0 = Debug|Any CPU
		{7B3252CB-91A3-4A34-9A76-21836562B9DB}.Release|Any CPU.ActiveCfg = Release|Any CPU
		{7B3252CB-91A3-4A34-9A76-21836562B9DB}.Release|Any CPU.Build.0 = Release|Any CPU
		{8D8B8B54-2A18-4142-866A-00DC109F1CC6}.Debug|Any CPU.ActiveCfg = Debug|Any CPU
		{8D8B8B54-2A18-4142-866A-00DC109F1CC6}.Debug|Any CPU.Build.0 = Debug|Any CPU
		{8D8B8B54-2A18-4142-866A-00DC109F1CC6}.Release|Any CPU.ActiveCfg = Release|Any CPU
		{8D8B8B54-2A18-4142-866A-00DC109F1CC6}.Release|Any CPU.Build.0 = Release|Any CPU
	EndGlobalSection
	GlobalSection(SolutionProperties) = preSolution
		HideSolutionNode = FALSE
	EndGlobalSection
	GlobalSection(NestedProjects) = preSolution
		{4EB8BF85-59E0-4F62-9878-D3E009C869F8} = {87E6B15B-BCE7-4C83-93F7-AB1FBC77ABBC}
		{F805E390-2491-4D65-ABE3-2791A6D86C08} = {87E6B15B-BCE7-4C83-93F7-AB1FBC77ABBC}
		{05831CA4-FEAF-4509-AE54-7689FB60BDF5} = {7507AF71-AF48-4DCA-8306-7E972E0D18E6}
		{7B3252CB-91A3-4A34-9A76-21836562B9DB} = {7507AF71-AF48-4DCA-8306-7E972E0D18E6}
		{8EA6D5A1-2D0D-466C-B20C-AE83644BD0FD} = {C3869130-5589-42A4-A26F-C8E4C3F210AC}
		{AA2DB82D-7B97-4D3A-9BED-FB75E7AB5E0D} = {FC431C9E-A949-4DC5-904F-7ED456FEC746}
		{8D8B8B54-2A18-4142-866A-00DC109F1CC6} = {97F4E52D-79EB-4DBE-8654-1CDC326BB627}
	EndGlobalSection
EndGlobal
